
Microsoft Visual Studio Solution File, Format Version 12.00
# Visual Studio 14
VisualStudioVersion = 14.0.25420.1
MinimumVisualStudioVersion = 10.0.40219.1
Project("{FAE04EC0-301F-11D3-BF4B-00C04F79EFBC}") = "APM.WebAPI", "APM.WebAPI\APM.WebAPI.csproj", "{552F2C86-7C1B-4C9B-A631-174A63460CD9}"
EndProject
Project("{FAE04EC0-301F-11D3-BF4B-00C04F79EFBC}") = "APM.WebAPI.Tests", "APM.WebAPI.Tests\APM.WebAPI.Tests.csproj", "{CBDA9682-A0B1-420B-95B8-A470E764877A}"
EndProject
Project("{E24C65DC-7377-472B-9ABA-BC803B73C61A}") = "APM.Client", "APM.Client\", "{E02770CE-5CEF-4E1C-90EC-2AF4062495B5}"
	ProjectSection(WebsiteProperties) = preProject
		TargetFrameworkMoniker = ".NETFramework,Version%3Dv4.5.2"
		Debug.AspNetCompiler.VirtualPath = "/localhost_57101"
		Debug.AspNetCompiler.PhysicalPath = "APM.Client\"
		Debug.AspNetCompiler.TargetPath = "PrecompiledWeb\localhost_57101\"
		Debug.AspNetCompiler.Updateable = "true"
		Debug.AspNetCompiler.ForceOverwrite = "true"
		Debug.AspNetCompiler.FixedNames = "false"
		Debug.AspNetCompiler.Debug = "True"
		Release.AspNetCompiler.VirtualPath = "/localhost_57101"
		Release.AspNetCompiler.PhysicalPath = "APM.Client\"
		Release.AspNetCompiler.TargetPath = "PrecompiledWeb\localhost_57101\"
		Release.AspNetCompiler.Updateable = "true"
		Release.AspNetCompiler.ForceOverwrite = "true"
		Release.AspNetCompiler.FixedNames = "false"
		Release.AspNetCompiler.Debug = "False"
		VWDPort = "57101"
		SlnRelativePath = "APM.Client\"
		DefaultWebSiteLanguage = "Visual C#"
	EndProjectSection
EndProject
Global
	GlobalSection(SolutionConfigurationPlatforms) = preSolution
		Debug|Any CPU = Debug|Any CPU
		Release|Any CPU = Release|Any CPU
	EndGlobalSection
	GlobalSection(ProjectConfigurationPlatforms) = postSolution
		{552F2C86-7C1B-4C9B-A631-174A63460CD9}.Debug|Any CPU.ActiveCfg = Debug|Any CPU
		{552F2C86-7C1B-4C9B-A631-174A63460CD9}.Debug|Any CPU.Build.0 = Debug|Any CPU
		{552F2C86-7C1B-4C9B-A631-174A63460CD9}.Release|Any CPU.ActiveCfg = Release|Any CPU
		{552F2C86-7C1B-4C9B-A631-174A63460CD9}.Release|Any CPU.Build.0 = Release|Any CPU
		{CBDA9682-A0B1-420B-95B8-A470E764877A}.Debug|Any CPU.ActiveCfg = Debug|Any CPU
		{CBDA9682-A0B1-420B-95B8-A470E764877A}.Debug|Any CPU.Build.0 = Debug|Any CPU
		{CBDA9682-A0B1-420B-95B8-A470E764877A}.Release|Any CPU.ActiveCfg = Release|Any CPU
		{CBDA9682-A0B1-420B-95B8-A470E764877A}.Release|Any CPU.Build.0 = Release|Any CPU
		{E02770CE-5CEF-4E1C-90EC-2AF4062495B5}.Debug|Any CPU.ActiveCfg = Debug|Any CPU
		{E02770CE-5CEF-4E1C-90EC-2AF4062495B5}.Debug|Any CPU.Build.0 = Debug|Any CPU
		{E02770CE-5CEF-4E1C-90EC-2AF4062495B5}.Release|Any CPU.ActiveCfg = Debug|Any CPU
		{E02770CE-5CEF-4E1C-90EC-2AF4062495B5}.Release|Any CPU.Build.0 = Debug|Any CPU
	EndGlobalSection
	GlobalSection(SolutionProperties) = preSolution
		HideSolutionNode = FALSE
	EndGlobalSection
EndGlobal
